// !$*UTF8*$!
{
	archiveVersion = 1;
	classes = {
	};
	objectVersion = 46;
	objects = {

/* Begin PBXBuildFile section */
		902BB278D0516B3F52D5718A /* Pods_SocialChatApp.framework in Frameworks */ = {isa = PBXBuildFile; fileRef = A0AB1A3C767EA49F6B16DDCB /* Pods_SocialChatApp.framework */; };
		DC6B60711EE993D3007D1D00 /* SMAppDelegate.swift in Sources */ = {isa = PBXBuildFile; fileRef = DC6B60701EE993D3007D1D00 /* SMAppDelegate.swift */; };
		DC6B60731EE993D3007D1D00 /* SMSignInViewController.swift in Sources */ = {isa = PBXBuildFile; fileRef = DC6B60721EE993D3007D1D00 /* SMSignInViewController.swift */; };
		DC6B60761EE993D3007D1D00 /* Main.storyboard in Resources */ = {isa = PBXBuildFile; fileRef = DC6B60741EE993D3007D1D00 /* Main.storyboard */; };
		DC6B60781EE993D3007D1D00 /* Assets.xcassets in Resources */ = {isa = PBXBuildFile; fileRef = DC6B60771EE993D3007D1D00 /* Assets.xcassets */; };
		DC6B607B1EE993D3007D1D00 /* LaunchScreen.storyboard in Resources */ = {isa = PBXBuildFile; fileRef = DC6B60791EE993D3007D1D00 /* LaunchScreen.storyboard */; };
		DC6B60831EE994A4007D1D00 /* GoogleService-Info.plist in Resources */ = {isa = PBXBuildFile; fileRef = DC6B60821EE994A4007D1D00 /* GoogleService-Info.plist */; };
		DC6B60921EEB16B2007D1D00 /* SMCustomView.swift in Sources */ = {isa = PBXBuildFile; fileRef = DC6B60911EEB16B2007D1D00 /* SMCustomView.swift */; };
		DC6B60961EEB178F007D1D00 /* SMConstants.swift in Sources */ = {isa = PBXBuildFile; fileRef = DC6B60951EEB178F007D1D00 /* SMConstants.swift */; };
		DC6B60981EEB1885007D1D00 /* SMCustomButton.swift in Sources */ = {isa = PBXBuildFile; fileRef = DC6B60971EEB1885007D1D00 /* SMCustomButton.swift */; };
		DC6B609A1EEB1931007D1D00 /* SMCustomTextField.swift in Sources */ = {isa = PBXBuildFile; fileRef = DC6B60991EEB1931007D1D00 /* SMCustomTextField.swift */; };
		DC6B609C1EEEEAB1007D1D00 /* SMFeedViewController.swift in Sources */ = {isa = PBXBuildFile; fileRef = DC6B609B1EEEEAB1007D1D00 /* SMFeedViewController.swift */; };
		DC6B609E1EF294FA007D1D00 /* SMCustomCircleImageView.swift in Sources */ = {isa = PBXBuildFile; fileRef = DC6B609D1EF294FA007D1D00 /* SMCustomCircleImageView.swift */; };
		DC6B60BC1EF2C4DB007D1D00 /* SMPostCell.swift in Sources */ = {isa = PBXBuildFile; fileRef = DC6B60BB1EF2C4DB007D1D00 /* SMPostCell.swift */; };
		DC6B60BF1EF2D4A8007D1D00 /* SMDataService.swift in Sources */ = {isa = PBXBuildFile; fileRef = DC6B60BE1EF2D4A8007D1D00 /* SMDataService.swift */; };
		DC6B60C11EF2E968007D1D00 /* SMPost.swift in Sources */ = {isa = PBXBuildFile; fileRef = DC6B60C01EF2E968007D1D00 /* SMPost.swift */; };
/* End PBXBuildFile section */

/* Begin PBXFileReference section */
		243801B157DF222E61DD10B1 /* Pods-SocialChatApp.release.xcconfig */ = {isa = PBXFileReference; includeInIndex = 1; lastKnownFileType = text.xcconfig; name = "Pods-SocialChatApp.release.xcconfig"; path = "Pods/Target Support Files/Pods-SocialChatApp/Pods-SocialChatApp.release.xcconfig"; sourceTree = "<group>"; };
		50C93FFB8F2E49B479F30483 /* Pods-SocialChatApp.debug.xcconfig */ = {isa = PBXFileReference; includeInIndex = 1; lastKnownFileType = text.xcconfig; name = "Pods-SocialChatApp.debug.xcconfig"; path = "Pods/Target Support Files/Pods-SocialChatApp/Pods-SocialChatApp.debug.xcconfig"; sourceTree = "<group>"; };
		A0AB1A3C767EA49F6B16DDCB /* Pods_SocialChatApp.framework */ = {isa = PBXFileReference; explicitFileType = wrapper.framework; includeInIndex = 0; path = Pods_SocialChatApp.framework; sourceTree = BUILT_PRODUCTS_DIR; };
		DC6B606D1EE993D3007D1D00 /* SocialChatApp.app */ = {isa = PBXFileReference; explicitFileType = wrapper.application; includeInIndex = 0; path = SocialChatApp.app; sourceTree = BUILT_PRODUCTS_DIR; };
		DC6B60701EE993D3007D1D00 /* SMAppDelegate.swift */ = {isa = PBXFileReference; lastKnownFileType = sourcecode.swift; path = SMAppDelegate.swift; sourceTree = "<group>"; };
		DC6B60721EE993D3007D1D00 /* SMSignInViewController.swift */ = {isa = PBXFileReference; lastKnownFileType = sourcecode.swift; path = SMSignInViewController.swift; sourceTree = "<group>"; };
		DC6B60751EE993D3007D1D00 /* Base */ = {isa = PBXFileReference; lastKnownFileType = file.storyboard; name = Base; path = Base.lproj/Main.storyboard; sourceTree = "<group>"; };
		DC6B60771EE993D3007D1D00 /* Assets.xcassets */ = {isa = PBXFileReference; lastKnownFileType = folder.assetcatalog; path = Assets.xcassets; sourceTree = "<group>"; };
		DC6B607A1EE993D3007D1D00 /* Base */ = {isa = PBXFileReference; lastKnownFileType = file.storyboard; name = Base; path = Base.lproj/LaunchScreen.storyboard; sourceTree = "<group>"; };
		DC6B607C1EE993D3007D1D00 /* Info.plist */ = {isa = PBXFileReference; lastKnownFileType = text.plist.xml; path = Info.plist; sourceTree = "<group>"; };
		DC6B60821EE994A4007D1D00 /* GoogleService-Info.plist */ = {isa = PBXFileReference; fileEncoding = 4; lastKnownFileType = text.plist.xml; path = "GoogleService-Info.plist"; sourceTree = "<group>"; };
		DC6B60911EEB16B2007D1D00 /* SMCustomView.swift */ = {isa = PBXFileReference; fileEncoding = 4; lastKnownFileType = sourcecode.swift; path = SMCustomView.swift; sourceTree = "<group>"; };
		DC6B60931EEB1726007D1D00 /* SocialChatApp.entitlements */ = {isa = PBXFileReference; lastKnownFileType = text.plist.entitlements; path = SocialChatApp.entitlements; sourceTree = "<group>"; };
		DC6B60951EEB178F007D1D00 /* SMConstants.swift */ = {isa = PBXFileReference; fileEncoding = 4; lastKnownFileType = sourcecode.swift; path = SMConstants.swift; sourceTree = "<group>"; };
		DC6B60971EEB1885007D1D00 /* SMCustomButton.swift */ = {isa = PBXFileReference; fileEncoding = 4; lastKnownFileType = sourcecode.swift; path = SMCustomButton.swift; sourceTree = "<group>"; };
		DC6B60991EEB1931007D1D00 /* SMCustomTextField.swift */ = {isa = PBXFileReference; fileEncoding = 4; lastKnownFileType = sourcecode.swift; path = SMCustomTextField.swift; sourceTree = "<group>"; };
		DC6B609B1EEEEAB1007D1D00 /* SMFeedViewController.swift */ = {isa = PBXFileReference; fileEncoding = 4; lastKnownFileType = sourcecode.swift; path = SMFeedViewController.swift; sourceTree = "<group>"; };
		DC6B609D1EF294FA007D1D00 /* SMCustomCircleImageView.swift */ = {isa = PBXFileReference; fileEncoding = 4; lastKnownFileType = sourcecode.swift; path = SMCustomCircleImageView.swift; sourceTree = "<group>"; };
		DC6B60BB1EF2C4DB007D1D00 /* SMPostCell.swift */ = {isa = PBXFileReference; fileEncoding = 4; lastKnownFileType = sourcecode.swift; path = SMPostCell.swift; sourceTree = "<group>"; };
		DC6B60BE1EF2D4A8007D1D00 /* SMDataService.swift */ = {isa = PBXFileReference; fileEncoding = 4; lastKnownFileType = sourcecode.swift; path = SMDataService.swift; sourceTree = "<group>"; };
		DC6B60C01EF2E968007D1D00 /* SMPost.swift */ = {isa = PBXFileReference; fileEncoding = 4; lastKnownFileType = sourcecode.swift; path = SMPost.swift; sourceTree = "<group>"; };
/* End PBXFileReference section */

/* Begin PBXFrameworksBuildPhase section */
		DC6B606A1EE993D3007D1D00 /* Frameworks */ = {
			isa = PBXFrameworksBuildPhase;
			buildActionMask = 2147483647;
			files = (
				902BB278D0516B3F52D5718A /* Pods_SocialChatApp.framework in Frameworks */,
			);
			runOnlyForDeploymentPostprocessing = 0;
		};
/* End PBXFrameworksBuildPhase section */

/* Begin PBXGroup section */
		8ACA76F9EECFC0B7F87C0B45 /* Pods */ = {
			isa = PBXGroup;
			children = (
				50C93FFB8F2E49B479F30483 /* Pods-SocialChatApp.debug.xcconfig */,
				243801B157DF222E61DD10B1 /* Pods-SocialChatApp.release.xcconfig */,
			);
			name = Pods;
			sourceTree = "<group>";
		};
		AA4013C6C3DE97FB3B0CFC08 /* Frameworks */ = {
			isa = PBXGroup;
			children = (
				A0AB1A3C767EA49F6B16DDCB /* Pods_SocialChatApp.framework */,
			);
			name = Frameworks;
			sourceTree = "<group>";
		};
		DC6B60641EE993D3007D1D00 = {
			isa = PBXGroup;
			children = (
				DC6B606F1EE993D3007D1D00 /* SocialChatApp */,
				DC6B606E1EE993D3007D1D00 /* Products */,
				8ACA76F9EECFC0B7F87C0B45 /* Pods */,
				AA4013C6C3DE97FB3B0CFC08 /* Frameworks */,
			);
			sourceTree = "<group>";
		};
		DC6B606E1EE993D3007D1D00 /* Products */ = {
			isa = PBXGroup;
			children = (
				DC6B606D1EE993D3007D1D00 /* SocialChatApp.app */,
			);
			name = Products;
			sourceTree = "<group>";
		};
		DC6B606F1EE993D3007D1D00 /* SocialChatApp */ = {
			isa = PBXGroup;
			children = (
				DC6B60BD1EF2D49B007D1D00 /* Services */,
				DC6B60941EEB176A007D1D00 /* Util */,
				DC6B60931EEB1726007D1D00 /* SocialChatApp.entitlements */,
				DC6B60861EE9968D007D1D00 /* Controller */,
				DC6B60851EE99688007D1D00 /* View */,
				DC6B60841EE99680007D1D00 /* Model */,
				DC6B60821EE994A4007D1D00 /* GoogleService-Info.plist */,
				DC6B60701EE993D3007D1D00 /* SMAppDelegate.swift */,
				DC6B60741EE993D3007D1D00 /* Main.storyboard */,
				DC6B60771EE993D3007D1D00 /* Assets.xcassets */,
				DC6B60791EE993D3007D1D00 /* LaunchScreen.storyboard */,
				DC6B607C1EE993D3007D1D00 /* Info.plist */,
			);
			path = SocialChatApp;
			sourceTree = "<group>";
		};
		DC6B60841EE99680007D1D00 /* Model */ = {
			isa = PBXGroup;
			children = (
				DC6B60C01EF2E968007D1D00 /* SMPost.swift */,
			);
			name = Model;
			sourceTree = "<group>";
		};
		DC6B60851EE99688007D1D00 /* View */ = {
			isa = PBXGroup;
			children = (
				DC6B60911EEB16B2007D1D00 /* SMCustomView.swift */,
				DC6B60971EEB1885007D1D00 /* SMCustomButton.swift */,
				DC6B60991EEB1931007D1D00 /* SMCustomTextField.swift */,
				DC6B609D1EF294FA007D1D00 /* SMCustomCircleImageView.swift */,
				DC6B60BB1EF2C4DB007D1D00 /* SMPostCell.swift */,
			);
			name = View;
			sourceTree = "<group>";
		};
		DC6B60861EE9968D007D1D00 /* Controller */ = {
			isa = PBXGroup;
			children = (
				DC6B60721EE993D3007D1D00 /* SMSignInViewController.swift */,
				DC6B609B1EEEEAB1007D1D00 /* SMFeedViewController.swift */,
			);
			name = Controller;
			sourceTree = "<group>";
		};
		DC6B60941EEB176A007D1D00 /* Util */ = {
			isa = PBXGroup;
			children = (
				DC6B60951EEB178F007D1D00 /* SMConstants.swift */,
			);
			name = Util;
			sourceTree = "<group>";
		};
		DC6B60BD1EF2D49B007D1D00 /* Services */ = {
			isa = PBXGroup;
			children = (
				DC6B60BE1EF2D4A8007D1D00 /* SMDataService.swift */,
			);
			name = Services;
			sourceTree = "<group>";
		};
/* End PBXGroup section */

/* Begin PBXNativeTarget section */
		DC6B606C1EE993D3007D1D00 /* SocialChatApp */ = {
			isa = PBXNativeTarget;
			buildConfigurationList = DC6B607F1EE993D3007D1D00 /* Build configuration list for PBXNativeTarget "SocialChatApp" */;
			buildPhases = (
				E41B3C131AA8A0380D8E91CF /* [CP] Check Pods Manifest.lock */,
				DC6B60691EE993D3007D1D00 /* Sources */,
				DC6B606A1EE993D3007D1D00 /* Frameworks */,
				DC6B606B1EE993D3007D1D00 /* Resources */,
				C654134678B7FA4B8A85D261 /* [CP] Embed Pods Frameworks */,
				E0AC2B433602EB39FE286F26 /* [CP] Copy Pods Resources */,
			);
			buildRules = (
			);
			dependencies = (
			);
			name = SocialChatApp;
			productName = SocialChatApp;
			productReference = DC6B606D1EE993D3007D1D00 /* SocialChatApp.app */;
			productType = "com.apple.product-type.application";
		};
/* End PBXNativeTarget section */

/* Begin PBXProject section */
		DC6B60651EE993D3007D1D00 /* Project object */ = {
			isa = PBXProject;
			attributes = {
				LastSwiftUpdateCheck = 0810;
				LastUpgradeCheck = 0810;
				ORGANIZATIONNAME = Syngmaster;
				TargetAttributes = {
					DC6B606C1EE993D3007D1D00 = {
						CreatedOnToolsVersion = 8.1;
						DevelopmentTeam = RLMXU9393M;
						ProvisioningStyle = Automatic;
						SystemCapabilities = {
							com.apple.Keychain = {
								enabled = 1;
							};
						};
					};
				};
			};
			buildConfigurationList = DC6B60681EE993D3007D1D00 /* Build configuration list for PBXProject "SocialChatApp" */;
			compatibilityVersion = "Xcode 3.2";
			developmentRegion = English;
			hasScannedForEncodings = 0;
			knownRegions = (
				en,
				Base,
			);
			mainGroup = DC6B60641EE993D3007D1D00;
			productRefGroup = DC6B606E1EE993D3007D1D00 /* Products */;
			projectDirPath = "";
			projectRoot = "";
			targets = (
				DC6B606C1EE993D3007D1D00 /* SocialChatApp */,
			);
		};
/* End PBXProject section */

/* Begin PBXResourcesBuildPhase section */
		DC6B606B1EE993D3007D1D00 /* Resources */ = {
			isa = PBXResourcesBuildPhase;
			buildActionMask = 2147483647;
			files = (
				DC6B607B1EE993D3007D1D00 /* LaunchScreen.storyboard in Resources */,
				DC6B60831EE994A4007D1D00 /* GoogleService-Info.plist in Resources */,
				DC6B60781EE993D3007D1D00 /* Assets.xcassets in Resources */,
				DC6B60761EE993D3007D1D00 /* Main.storyboard in Resources */,
			);
			runOnlyForDeploymentPostprocessing = 0;
		};
/* End PBXResourcesBuildPhase section */

/* Begin PBXShellScriptBuildPhase section */
		C654134678B7FA4B8A85D261 /* [CP] Embed Pods Frameworks */ = {
			isa = PBXShellScriptBuildPhase;
			buildActionMask = 2147483647;
			files = (
			);
			inputPaths = (
			);
			name = "[CP] Embed Pods Frameworks";
			outputPaths = (
			);
			runOnlyForDeploymentPostprocessing = 0;
			shellPath = /bin/sh;
			shellScript = "\"${SRCROOT}/Pods/Target Support Files/Pods-SocialChatApp/Pods-SocialChatApp-frameworks.sh\"\n";
			showEnvVarsInLog = 0;
		};
		E0AC2B433602EB39FE286F26 /* [CP] Copy Pods Resources */ = {
			isa = PBXShellScriptBuildPhase;
			buildActionMask = 2147483647;
			files = (
			);
			inputPaths = (
			);
			name = "[CP] Copy Pods Resources";
			outputPaths = (
			);
			runOnlyForDeploymentPostprocessing = 0;
			shellPath = /bin/sh;
			shellScript = "\"${SRCROOT}/Pods/Target Support Files/Pods-SocialChatApp/Pods-SocialChatApp-resources.sh\"\n";
			showEnvVarsInLog = 0;
		};
		E41B3C131AA8A0380D8E91CF /* [CP] Check Pods Manifest.lock */ = {
			isa = PBXShellScriptBuildPhase;
			buildActionMask = 2147483647;
			files = (
			);
			inputPaths = (
			);
			name = "[CP] Check Pods Manifest.lock";
			outputPaths = (
			);
			runOnlyForDeploymentPostprocessing = 0;
			shellPath = /bin/sh;
			shellScript = "diff \"${PODS_ROOT}/../Podfile.lock\" \"${PODS_ROOT}/Manifest.lock\" > /dev/null\nif [ $? != 0 ] ; then\n    # print error to STDERR\n    echo \"error: The sandbox is not in sync with the Podfile.lock. Run 'pod install' or update your CocoaPods installation.\" >&2\n    exit 1\nfi\n";
			showEnvVarsInLog = 0;
		};
/* End PBXShellScriptBuildPhase section */

/* Begin PBXSourcesBuildPhase section */
		DC6B60691EE993D3007D1D00 /* Sources */ = {
			isa = PBXSourcesBuildPhase;
			buildActionMask = 2147483647;
			files = (
				DC6B60731EE993D3007D1D00 /* SMSignInViewController.swift in Sources */,
				DC6B60981EEB1885007D1D00 /* SMCustomButton.swift in Sources */,
				DC6B609C1EEEEAB1007D1D00 /* SMFeedViewController.swift in Sources */,
				DC6B609E1EF294FA007D1D00 /* SMCustomCircleImageView.swift in Sources */,
				DC6B609A1EEB1931007D1D00 /* SMCustomTextField.swift in Sources */,
				DC6B60961EEB178F007D1D00 /* SMConstants.swift in Sources */,
				DC6B60BC1EF2C4DB007D1D00 /* SMPostCell.swift in Sources */,
				DC6B60711EE993D3007D1D00 /* SMAppDelegate.swift in Sources */,
				DC6B60C11EF2E968007D1D00 /* SMPost.swift in Sources */,
				DC6B60921EEB16B2007D1D00 /* SMCustomView.swift in Sources */,
				DC6B60BF1EF2D4A8007D1D00 /* SMDataService.swift in Sources */,
			);
			runOnlyForDeploymentPostprocessing = 0;
		};
/* End PBXSourcesBuildPhase section */

/* Begin PBXVariantGroup section */
		DC6B60741EE993D3007D1D00 /* Main.storyboard */ = {
			isa = PBXVariantGroup;
			children = (
				DC6B60751EE993D3007D1D00 /* Base */,
			);
			name = Main.storyboard;
			sourceTree = "<group>";
		};
		DC6B60791EE993D3007D1D00 /* LaunchScreen.storyboard */ = {
			isa = PBXVariantGroup;
			children = (
				DC6B607A1EE993D3007D1D00 /* Base */,
			);
			name = LaunchScreen.storyboard;
			sourceTree = "<group>";
		};
/* End PBXVariantGroup section */

/* Begin XCBuildConfiguration section */
		DC6B607D1EE993D3007D1D00 /* Debug */ = {
			isa = XCBuildConfiguration;
			buildSettings = {
				ALWAYS_SEARCH_USER_PATHS = NO;
				CLANG_ANALYZER_NONNULL = YES;
				CLANG_CXX_LANGUAGE_STANDARD = "gnu++0x";
				CLANG_CXX_LIBRARY = "libc++";
				CLANG_ENABLE_MODULES = YES;
				CLANG_ENABLE_OBJC_ARC = YES;
				CLANG_WARN_BOOL_CONVERSION = YES;
				CLANG_WARN_CONSTANT_CONVERSION = YES;
				CLANG_WARN_DIRECT_OBJC_ISA_USAGE = YES_ERROR;
				CLANG_WARN_DOCUMENTATION_COMMENTS = YES;
				CLANG_WARN_EMPTY_BODY = YES;
				CLANG_WARN_ENUM_CONVERSION = YES;
				CLANG_WARN_INFINITE_RECURSION = YES;
				CLANG_WARN_INT_CONVERSION = YES;
				CLANG_WARN_OBJC_ROOT_CLASS = YES_ERROR;
				CLANG_WARN_SUSPICIOUS_MOVES = YES;
				CLANG_WARN_UNREACHABLE_CODE = YES;
				CLANG_WARN__DUPLICATE_METHOD_MATCH = YES;
				"CODE_SIGN_IDENTITY[sdk=iphoneos*]" = "iPhone Developer";
				COPY_PHASE_STRIP = NO;
				DEBUG_INFORMATION_FORMAT = dwarf;
				ENABLE_STRICT_OBJC_MSGSEND = YES;
				ENABLE_TESTABILITY = YES;
				GCC_C_LANGUAGE_STANDARD = gnu99;
				GCC_DYNAMIC_NO_PIC = NO;
				GCC_NO_COMMON_BLOCKS = YES;
				GCC_OPTIMIZATION_LEVEL = 0;
				GCC_PREPROCESSOR_DEFINITIONS = (
					"DEBUG=1",
					"$(inherited)",
				);
				GCC_WARN_64_TO_32_BIT_CONVERSION = YES;
				GCC_WARN_ABOUT_RETURN_TYPE = YES_ERROR;
				GCC_WARN_UNDECLARED_SELECTOR = YES;
				GCC_WARN_UNINITIALIZED_AUTOS = YES_AGGRESSIVE;
				GCC_WARN_UNUSED_FUNCTION = YES;
				GCC_WARN_UNUSED_VARIABLE = YES;
				IPHONEOS_DEPLOYMENT_TARGET = 10.1;
				MTL_ENABLE_DEBUG_INFO = YES;
				ONLY_ACTIVE_ARCH = YES;
				SDKROOT = iphoneos;
				SWIFT_ACTIVE_COMPILATION_CONDITIONS = DEBUG;
				SWIFT_OPTIMIZATION_LEVEL = "-Onone";
				TARGETED_DEVICE_FAMILY = "1,2";
			};
			name = Debug;
		};
		DC6B607E1EE993D3007D1D00 /* Release */ = {
			isa = XCBuildConfiguration;
			buildSettings = {
				ALWAYS_SEARCH_USER_PATHS = NO;
				CLANG_ANALYZER_NONNULL = YES;
				CLANG_CXX_LANGUAGE_STANDARD = "gnu++0x";
				CLANG_CXX_LIBRARY = "libc++";
				CLANG_ENABLE_MODULES = YES;
				CLANG_ENABLE_OBJC_ARC = YES;
				CLANG_WARN_BOOL_CONVERSION = YES;
				CLANG_WARN_CONSTANT_CONVERSION = YES;
				CLANG_WARN_DIRECT_OBJC_ISA_USAGE = YES_ERROR;
				CLANG_WARN_DOCUMENTATION_COMMENTS = YES;
				CLANG_WARN_EMPTY_BODY = YES;
				CLANG_WARN_ENUM_CONVERSION = YES;
				CLANG_WARN_INFINITE_RECURSION = YES;
				CLANG_WARN_INT_CONVERSION = YES;
				CLANG_WARN_OBJC_ROOT_CLASS = YES_ERROR;
				CLANG_WARN_SUSPICIOUS_MOVES = YES;
				CLANG_WARN_UNREACHABLE_CODE = YES;
				CLANG_WARN__DUPLICATE_METHOD_MATCH = YES;
				"CODE_SIGN_IDENTITY[sdk=iphoneos*]" = "iPhone Developer";
				COPY_PHASE_STRIP = NO;
				DEBUG_INFORMATION_FORMAT = "dwarf-with-dsym";
				ENABLE_NS_ASSERTIONS = NO;
				ENABLE_STRICT_OBJC_MSGSEND = YES;
				GCC_C_LANGUAGE_STANDARD = gnu99;
				GCC_NO_COMMON_BLOCKS = YES;
				GCC_WARN_64_TO_32_BIT_CONVERSION = YES;
				GCC_WARN_ABOUT_RETURN_TYPE = YES_ERROR;
				GCC_WARN_UNDECLARED_SELECTOR = YES;
				GCC_WARN_UNINITIALIZED_AUTOS = YES_AGGRESSIVE;
				GCC_WARN_UNUSED_FUNCTION = YES;
				GCC_WARN_UNUSED_VARIABLE = YES;
				IPHONEOS_DEPLOYMENT_TARGET = 10.1;
				MTL_ENABLE_DEBUG_INFO = NO;
				SDKROOT = iphoneos;
				SWIFT_OPTIMIZATION_LEVEL = "-Owholemodule";
				TARGETED_DEVICE_FAMILY = "1,2";
				VALIDATE_PRODUCT = YES;
			};
			name = Release;
		};
		DC6B60801EE993D3007D1D00 /* Debug */ = {
			isa = XCBuildConfiguration;
			baseConfigurationReference = 50C93FFB8F2E49B479F30483 /* Pods-SocialChatApp.debug.xcconfig */;
			buildSettings = {
				ASSETCATALOG_COMPILER_APPICON_NAME = AppIcon;
				CODE_SIGN_ENTITLEMENTS = SocialChatApp/SocialChatApp.entitlements;
				"CODE_SIGN_IDENTITY[sdk=iphoneos*]" = "iPhone Developer";
				DEVELOPMENT_TEAM = RLMXU9393M;
				FRAMEWORK_SEARCH_PATHS = (
					"$(inherited)",
					"\"$PODS_CONFIGURATION_BUILD_DIR/Bolts\"",
					"\"$PODS_CONFIGURATION_BUILD_DIR/FBSDKCoreKit\"",
					"\"$PODS_CONFIGURATION_BUILD_DIR/FBSDKLoginKit\"",
					"\"$PODS_CONFIGURATION_BUILD_DIR/GTMSessionFetcher\"",
					"\"$PODS_CONFIGURATION_BUILD_DIR/GoogleToolboxForMac\"",
					"\"$PODS_CONFIGURATION_BUILD_DIR/SwiftKeychainWrapper\"",
					"\"${PODS_ROOT}/FirebaseAnalytics/Frameworks/frameworks\"",
					"\"${PODS_ROOT}/FirebaseAuth/Frameworks/frameworks\"",
					"\"${PODS_ROOT}/FirebaseCore/Frameworks/frameworks\"",
					"\"${PODS_ROOT}/FirebaseDatabase/Frameworks\"",
					"\"${PODS_ROOT}/FirebaseInstanceID/Frameworks/frameworks\"",
					"\"${PODS_ROOT}/FirebaseStorage/Frameworks/frameworks\"",
					"\"${PODS_ROOT}/GoogleInterchangeUtilities/Frameworks/frameworks\"",
					"\"${PODS_ROOT}/GoogleSymbolUtilities/Frameworks/frameworks\"",
					"~/Documents/FacebookSDK",
				);
				INFOPLIST_FILE = SocialChatApp/Info.plist;
				LD_RUNPATH_SEARCH_PATHS = "$(inherited) @executable_path/Frameworks";
				PRODUCT_BUNDLE_IDENTIFIER = "XC-SocialChatApp";
				PRODUCT_NAME = "$(TARGET_NAME)";
				SWIFT_VERSION = 3.0;
			};
			name = Debug;
		};
		DC6B60811EE993D3007D1D00 /* Release */ = {
			isa = XCBuildConfiguration;
			baseConfigurationReference = 243801B157DF222E61DD10B1 /* Pods-SocialChatApp.release.xcconfig */;
			buildSettings = {
				ASSETCATALOG_COMPILER_APPICON_NAME = AppIcon;
				CODE_SIGN_ENTITLEMENTS = SocialChatApp/SocialChatApp.entitlements;
				"CODE_SIGN_IDENTITY[sdk=iphoneos*]" = "iPhone Developer";
				DEVELOPMENT_TEAM = RLMXU9393M;
				FRAMEWORK_SEARCH_PATHS = (
					"$(inherited)",
					"\"$PODS_CONFIGURATION_BUILD_DIR/Bolts\"",
					"\"$PODS_CONFIGURATION_BUILD_DIR/FBSDKCoreKit\"",
					"\"$PODS_CONFIGURATION_BUILD_DIR/FBSDKLoginKit\"",
					"\"$PODS_CONFIGURATION_BUILD_DIR/GTMSessionFetcher\"",
					"\"$PODS_CONFIGURATION_BUILD_DIR/GoogleToolboxForMac\"",
					"\"$PODS_CONFIGURATION_BUILD_DIR/SwiftKeychainWrapper\"",
					"\"${PODS_ROOT}/FirebaseAnalytics/Frameworks/frameworks\"",
					"\"${PODS_ROOT}/FirebaseAuth/Frameworks/frameworks\"",
					"\"${PODS_ROOT}/FirebaseCore/Frameworks/frameworks\"",
					"\"${PODS_ROOT}/FirebaseDatabase/Frameworks\"",
					"\"${PODS_ROOT}/FirebaseInstanceID/Frameworks/frameworks\"",
					"\"${PODS_ROOT}/FirebaseStorage/Frameworks/frameworks\"",
					"\"${PODS_ROOT}/GoogleInterchangeUtilities/Frameworks/frameworks\"",
					"\"${PODS_ROOT}/GoogleSymbolUtilities/Frameworks/frameworks\"",
					"~/Documents/FacebookSDK",
				);
				INFOPLIST_FILE = SocialChatApp/Info.plist;
				LD_RUNPATH_SEARCH_PATHS = "$(inherited) @executable_path/Frameworks";
				PRODUCT_BUNDLE_IDENTIFIER = "XC-SocialChatApp";
				PRODUCT_NAME = "$(TARGET_NAME)";
				SWIFT_VERSION = 3.0;
			};
			name = Release;
		};
/* End XCBuildConfiguration section */

/* Begin XCConfigurationList section */
		DC6B60681EE993D3007D1D00 /* Build configuration list for PBXProject "SocialChatApp" */ = {
			isa = XCConfigurationList;
			buildConfigurations = (
				DC6B607D1EE993D3007D1D00 /* Debug */,
				DC6B607E1EE993D3007D1D00 /* Release */,
			);
			defaultConfigurationIsVisible = 0;
			defaultConfigurationName = Release;
		};
		DC6B607F1EE993D3007D1D00 /* Build configuration list for PBXNativeTarget "SocialChatApp" */ = {
			isa = XCConfigurationList;
			buildConfigurations = (
				DC6B60801EE993D3007D1D00 /* Debug */,
				DC6B60811EE993D3007D1D00 /* Release */,
			);
			defaultConfigurationIsVisible = 0;
			defaultConfigurationName = Release;
		};
/* End XCConfigurationList section */
	};
	rootObject = DC6B60651EE993D3007D1D00 /* Project object */;
}
