// !$*UTF8*$!
{
	archiveVersion = 1;
	classes = {
	};
	objectVersion = 46;
	objects = {

/* Begin PBXBuildFile section */
		DC6B60711EE993D3007D1D00 /* AppDelegate.swift in Sources */ = {isa = PBXBuildFile; fileRef = DC6B60701EE993D3007D1D00 /* AppDelegate.swift */; };
		DC6B60731EE993D3007D1D00 /* ViewController.swift in Sources */ = {isa = PBXBuildFile; fileRef = DC6B60721EE993D3007D1D00 /* ViewController.swift */; };
		DC6B60761EE993D3007D1D00 /* Main.storyboard in Resources */ = {isa = PBXBuildFile; fileRef = DC6B60741EE993D3007D1D00 /* Main.storyboard */; };
		DC6B60781EE993D3007D1D00 /* Assets.xcassets in Resources */ = {isa = PBXBuildFile; fileRef = DC6B60771EE993D3007D1D00 /* Assets.xcassets */; };
		DC6B607B1EE993D3007D1D00 /* LaunchScreen.storyboard in Resources */ = {isa = PBXBuildFile; fileRef = DC6B60791EE993D3007D1D00 /* LaunchScreen.storyboard */; };
/* End PBXBuildFile section */

/* Begin PBXFileReference section */
		DC6B606D1EE993D3007D1D00 /* SocialChatApp.app */ = {isa = PBXFileReference; explicitFileType = wrapper.application; includeInIndex = 0; path = SocialChatApp.app; sourceTree = BUILT_PRODUCTS_DIR; };
		DC6B60701EE993D3007D1D00 /* AppDelegate.swift */ = {isa = PBXFileReference; lastKnownFileType = sourcecode.swift; path = AppDelegate.swift; sourceTree = "<group>"; };
		DC6B60721EE993D3007D1D00 /* ViewController.swift */ = {isa = PBXFileReference; lastKnownFileType = sourcecode.swift; path = ViewController.swift; sourceTree = "<group>"; };
		DC6B60751EE993D3007D1D00 /* Base */ = {isa = PBXFileReference; lastKnownFileType = file.storyboard; name = Base; path = Base.lproj/Main.storyboard; sourceTree = "<group>"; };
		DC6B60771EE993D3007D1D00 /* Assets.xcassets */ = {isa = PBXFileReference; lastKnownFileType = folder.assetcatalog; path = Assets.xcassets; sourceTree = "<group>"; };
		DC6B607A1EE993D3007D1D00 /* Base */ = {isa = PBXFileReference; lastKnownFileType = file.storyboard; name = Base; path = Base.lproj/LaunchScreen.storyboard; sourceTree = "<group>"; };
		DC6B607C1EE993D3007D1D00 /* Info.plist */ = {isa = PBXFileReference; lastKnownFileType = text.plist.xml; path = Info.plist; sourceTree = "<group>"; };
/* End PBXFileReference section */

/* Begin PBXFrameworksBuildPhase section */
		DC6B606A1EE993D3007D1D00 /* Frameworks */ = {
			isa = PBXFrameworksBuildPhase;
			buildActionMask = 2147483647;
			files = (
			);
			runOnlyForDeploymentPostprocessing = 0;
		};
/* End PBXFrameworksBuildPhase section */

/* Begin PBXGroup section */
		DC6B60641EE993D3007D1D00 = {
			isa = PBXGroup;
			children = (
				DC6B606F1EE993D3007D1D00 /* SocialChatApp */,
				DC6B606E1EE993D3007D1D00 /* Products */,
			);
			sourceTree = "<group>";
		};
		DC6B606E1EE993D3007D1D00 /* Products */ = {
			isa = PBXGroup;
			children = (
				DC6B606D1EE993D3007D1D00 /* SocialChatApp.app */,
			);
			name = Products;
			sourceTree = "<group>";
		};
		DC6B606F1EE993D3007D1D00 /* SocialChatApp */ = {
			isa = PBXGroup;
			children = (
				DC6B60701EE993D3007D1D00 /* AppDelegate.swift */,
				DC6B60721EE993D3007D1D00 /* ViewController.swift */,
				DC6B60741EE993D3007D1D00 /* Main.storyboard */,
				DC6B60771EE993D3007D1D00 /* Assets.xcassets */,
				DC6B60791EE993D3007D1D00 /* LaunchScreen.storyboard */,
				DC6B607C1EE993D3007D1D00 /* Info.plist */,
			);
			path = SocialChatApp;
			sourceTree = "<group>";
		};
/* End PBXGroup section */

/* Begin PBXNativeTarget section */
		DC6B606C1EE993D3007D1D00 /* SocialChatApp */ = {
			isa = PBXNativeTarget;
			buildConfigurationList = DC6B607F1EE993D3007D1D00 /* Build configuration list for PBXNativeTarget "SocialChatApp" */;
			buildPhases = (
				DC6B60691EE993D3007D1D00 /* Sources */,
				DC6B606A1EE993D3007D1D00 /* Frameworks */,
				DC6B606B1EE993D3007D1D00 /* Resources */,
			);
			buildRules = (
			);
			dependencies = (
			);
			name = SocialChatApp;
			productName = SocialChatApp;
			productReference = DC6B606D1EE993D3007D1D00 /* SocialChatApp.app */;
			productType = "com.apple.product-type.application";
		};
/* End PBXNativeTarget section */

/* Begin PBXProject section */
		DC6B60651EE993D3007D1D00 /* Project object */ = {
			isa = PBXProject;
			attributes = {
				LastSwiftUpdateCheck = 0810;
				LastUpgradeCheck = 0810;
				ORGANIZATIONNAME = Syngmaster;
				TargetAttributes = {
					DC6B606C1EE993D3007D1D00 = {
						CreatedOnToolsVersion = 8.1;
						DevelopmentTeam = 4PMQKT6K8N;
						ProvisioningStyle = Automatic;
					};
				};
			};
			buildConfigurationList = DC6B60681EE993D3007D1D00 /* Build configuration list for PBXProject "SocialChatApp" */;
			compatibilityVersion = "Xcode 3.2";
			developmentRegion = English;
			hasScannedForEncodings = 0;
			knownRegions = (
				en,
				Base,
			);
			mainGroup = DC6B60641EE993D3007D1D00;
			productRefGroup = DC6B606E1EE993D3007D1D00 /* Products */;
			projectDirPath = "";
			projectRoot = "";
			targets = (
				DC6B606C1EE993D3007D1D00 /* SocialChatApp */,
			);
		};
/* End PBXProject section */

/* Begin PBXResourcesBuildPhase section */
		DC6B606B1EE993D3007D1D00 /* Resources */ = {
			isa = PBXResourcesBuildPhase;
			buildActionMask = 2147483647;
			files = (
				DC6B607B1EE993D3007D1D00 /* LaunchScreen.storyboard in Resources */,
				DC6B60781EE993D3007D1D00 /* Assets.xcassets in Resources */,
				DC6B60761EE993D3007D1D00 /* Main.storyboard in Resources */,
			);
			runOnlyForDeploymentPostprocessing = 0;
		};
/* End PBXResourcesBuildPhase section */

/* Begin PBXSourcesBuildPhase section */
		DC6B60691EE993D3007D1D00 /* Sources */ = {
			isa = PBXSourcesBuildPhase;
			buildActionMask = 2147483647;
			files = (
				DC6B60731EE993D3007D1D00 /* ViewController.swift in Sources */,
				DC6B60711EE993D3007D1D00 /* AppDelegate.swift in Sources */,
			);
			runOnlyForDeploymentPostprocessing = 0;
		};
/* End PBXSourcesBuildPhase section */

/* Begin PBXVariantGroup section */
		DC6B60741EE993D3007D1D00 /* Main.storyboard */ = {
			isa = PBXVariantGroup;
			children = (
				DC6B60751EE993D3007D1D00 /* Base */,
			);
			name = Main.storyboard;
			sourceTree = "<group>";
		};
		DC6B60791EE993D3007D1D00 /* LaunchScreen.storyboard */ = {
			isa = PBXVariantGroup;
			children = (
				DC6B607A1EE993D3007D1D00 /* Base */,
			);
			name = LaunchScreen.storyboard;
			sourceTree = "<group>";
		};
/* End PBXVariantGroup section */

/* Begin XCBuildConfiguration section */
		DC6B607D1EE993D3007D1D00 /* Debug */ = {
			isa = XCBuildConfiguration;
			buildSettings = {
				ALWAYS_SEARCH_USER_PATHS = NO;
				CLANG_ANALYZER_NONNULL = YES;
				CLANG_CXX_LANGUAGE_STANDARD = "gnu++0x";
				CLANG_CXX_LIBRARY = "libc++";
				CLANG_ENABLE_MODULES = YES;
				CLANG_ENABLE_OBJC_ARC = YES;
				CLANG_WARN_BOOL_CONVERSION = YES;
				CLANG_WARN_CONSTANT_CONVERSION = YES;
				CLANG_WARN_DIRECT_OBJC_ISA_USAGE = YES_ERROR;
				CLANG_WARN_DOCUMENTATION_COMMENTS = YES;
				CLANG_WARN_EMPTY_BODY = YES;
				CLANG_WARN_ENUM_CONVERSION = YES;
				CLANG_WARN_INFINITE_RECURSION = YES;
				CLANG_WARN_INT_CONVERSION = YES;
				CLANG_WARN_OBJC_ROOT_CLASS = YES_ERROR;
				CLANG_WARN_SUSPICIOUS_MOVES = YES;
				CLANG_WARN_UNREACHABLE_CODE = YES;
				CLANG_WARN__DUPLICATE_METHOD_MATCH = YES;
				"CODE_SIGN_IDENTITY[sdk=iphoneos*]" = "iPhone Developer";
				COPY_PHASE_STRIP = NO;
				DEBUG_INFORMATION_FORMAT = dwarf;
				ENABLE_STRICT_OBJC_MSGSEND = YES;
				ENABLE_TESTABILITY = YES;
				GCC_C_LANGUAGE_STANDARD = gnu99;
				GCC_DYNAMIC_NO_PIC = NO;
				GCC_NO_COMMON_BLOCKS = YES;
				GCC_OPTIMIZATION_LEVEL = 0;
				GCC_PREPROCESSOR_DEFINITIONS = (
					"DEBUG=1",
					"$(inherited)",
				);
				GCC_WARN_64_TO_32_BIT_CONVERSION = YES;
				GCC_WARN_ABOUT_RETURN_TYPE = YES_ERROR;
				GCC_WARN_UNDECLARED_SELECTOR = YES;
				GCC_WARN_UNINITIALIZED_AUTOS = YES_AGGRESSIVE;
				GCC_WARN_UNUSED_FUNCTION = YES;
				GCC_WARN_UNUSED_VARIABLE = YES;
				IPHONEOS_DEPLOYMENT_TARGET = 10.1;
				MTL_ENABLE_DEBUG_INFO = YES;
				ONLY_ACTIVE_ARCH = YES;
				SDKROOT = iphoneos;
				SWIFT_ACTIVE_COMPILATION_CONDITIONS = DEBUG;
				SWIFT_OPTIMIZATION_LEVEL = "-Onone";
				TARGETED_DEVICE_FAMILY = "1,2";
			};
			name = Debug;
		};
		DC6B607E1EE993D3007D1D00 /* Release */ = {
			isa = XCBuildConfiguration;
			buildSettings = {
				ALWAYS_SEARCH_USER_PATHS = NO;
				CLANG_ANALYZER_NONNULL = YES;
				CLANG_CXX_LANGUAGE_STANDARD = "gnu++0x";
				CLANG_CXX_LIBRARY = "libc++";
				CLANG_ENABLE_MODULES = YES;
				CLANG_ENABLE_OBJC_ARC = YES;
				CLANG_WARN_BOOL_CONVERSION = YES;
				CLANG_WARN_CONSTANT_CONVERSION = YES;
				CLANG_WARN_DIRECT_OBJC_ISA_USAGE = YES_ERROR;
				CLANG_WARN_DOCUMENTATION_COMMENTS = YES;
				CLANG_WARN_EMPTY_BODY = YES;
				CLANG_WARN_ENUM_CONVERSION = YES;
				CLANG_WARN_INFINITE_RECURSION = YES;
				CLANG_WARN_INT_CONVERSION = YES;
				CLANG_WARN_OBJC_ROOT_CLASS = YES_ERROR;
				CLANG_WARN_SUSPICIOUS_MOVES = YES;
				CLANG_WARN_UNREACHABLE_CODE = YES;
				CLANG_WARN__DUPLICATE_METHOD_MATCH = YES;
				"CODE_SIGN_IDENTITY[sdk=iphoneos*]" = "iPhone Developer";
				COPY_PHASE_STRIP = NO;
				DEBUG_INFORMATION_FORMAT = "dwarf-with-dsym";
				ENABLE_NS_ASSERTIONS = NO;
				ENABLE_STRICT_OBJC_MSGSEND = YES;
				GCC_C_LANGUAGE_STANDARD = gnu99;
				GCC_NO_COMMON_BLOCKS = YES;
				GCC_WARN_64_TO_32_BIT_CONVERSION = YES;
				GCC_WARN_ABOUT_RETURN_TYPE = YES_ERROR;
				GCC_WARN_UNDECLARED_SELECTOR = YES;
				GCC_WARN_UNINITIALIZED_AUTOS = YES_AGGRESSIVE;
				GCC_WARN_UNUSED_FUNCTION = YES;
				GCC_WARN_UNUSED_VARIABLE = YES;
				IPHONEOS_DEPLOYMENT_TARGET = 10.1;
				MTL_ENABLE_DEBUG_INFO = NO;
				SDKROOT = iphoneos;
				SWIFT_OPTIMIZATION_LEVEL = "-Owholemodule";
				TARGETED_DEVICE_FAMILY = "1,2";
				VALIDATE_PRODUCT = YES;
			};
			name = Release;
		};
		DC6B60801EE993D3007D1D00 /* Debug */ = {
			isa = XCBuildConfiguration;
			buildSettings = {
				ASSETCATALOG_COMPILER_APPICON_NAME = AppIcon;
				DEVELOPMENT_TEAM = 4PMQKT6K8N;
				INFOPLIST_FILE = SocialChatApp/Info.plist;
				LD_RUNPATH_SEARCH_PATHS = "$(inherited) @executable_path/Frameworks";
				PRODUCT_BUNDLE_IDENTIFIER = ios.SocialChatApp;
				PRODUCT_NAME = "$(TARGET_NAME)";
				SWIFT_VERSION = 3.0;
			};
			name = Debug;
		};
		DC6B60811EE993D3007D1D00 /* Release */ = {
			isa = XCBuildConfiguration;
			buildSettings = {
				ASSETCATALOG_COMPILER_APPICON_NAME = AppIcon;
				DEVELOPMENT_TEAM = 4PMQKT6K8N;
				INFOPLIST_FILE = SocialChatApp/Info.plist;
				LD_RUNPATH_SEARCH_PATHS = "$(inherited) @executable_path/Frameworks";
				PRODUCT_BUNDLE_IDENTIFIER = ios.SocialChatApp;
				PRODUCT_NAME = "$(TARGET_NAME)";
				SWIFT_VERSION = 3.0;
			};
			name = Release;
		};
/* End XCBuildConfiguration section */

/* Begin XCConfigurationList section */
		DC6B60681EE993D3007D1D00 /* Build configuration list for PBXProject "SocialChatApp" */ = {
			isa = XCConfigurationList;
			buildConfigurations = (
				DC6B607D1EE993D3007D1D00 /* Debug */,
				DC6B607E1EE993D3007D1D00 /* Release */,
			);
			defaultConfigurationIsVisible = 0;
			defaultConfigurationName = Release;
		};
		DC6B607F1EE993D3007D1D00 /* Build configuration list for PBXNativeTarget "SocialChatApp" */ = {
			isa = XCConfigurationList;
			buildConfigurations = (
				DC6B60801EE993D3007D1D00 /* Debug */,
				DC6B60811EE993D3007D1D00 /* Release */,
			);
			defaultConfigurationIsVisible = 0;
		};
/* End XCConfigurationList section */
	};
	rootObject = DC6B60651EE993D3007D1D00 /* Project object */;
}
